
Microsoft Visual Studio Solution File, Format Version 12.00
# Visual Studio 14
VisualStudioVersion = 14.0.25420.1
MinimumVisualStudioVersion = 10.0.40219.1
Project("{FAE04EC0-301F-11D3-BF4B-00C04F79EFBC}") = "Transaction", "Transaction\Transaction.csproj", "{A0510BFA-F8FB-40B9-A8F1-A2ACB561AB7C}"
EndProject
Project("{FAE04EC0-301F-11D3-BF4B-00C04F79EFBC}") = "Dao", "Dao\Dao.csproj", "{178E9D2C-3F68-4A4B-92C1-B6A70E66A975}"
EndProject
Global
	GlobalSection(SolutionConfigurationPlatforms) = preSolution
		Debug|Any CPU = Debug|Any CPU
		Release|Any CPU = Release|Any CPU
	EndGlobalSection
	GlobalSection(ProjectConfigurationPlatforms) = postSolution
		{A0510BFA-F8FB-40B9-A8F1-A2ACB561AB7C}.Debug|Any CPU.ActiveCfg = Debug|Any CPU
		{A0510BFA-F8FB-40B9-A8F1-A2ACB561AB7C}.Debug|Any CPU.Build.0 = Debug|Any CPU
		{A0510BFA-F8FB-40B9-A8F1-A2ACB561AB7C}.Release|Any CPU.ActiveCfg = Release|Any CPU
		{A0510BFA-F8FB-40B9-A8F1-A2ACB561AB7C}.Release|Any CPU.Build.0 = Release|Any CPU
		{178E9D2C-3F68-4A4B-92C1-B6A70E66A975}.Debug|Any CPU.ActiveCfg = Debug|Any CPU
		{178E9D2C-3F68-4A4B-92C1-B6A70E66A975}.Debug|Any CPU.Build.0 = Debug|Any CPU
		{178E9D2C-3F68-4A4B-92C1-B6A70E66A975}.Release|Any CPU.ActiveCfg = Release|Any CPU
		{178E9D2C-3F68-4A4B-92C1-B6A70E66A975}.Release|Any CPU.Build.0 = Release|Any CPU
	EndGlobalSection
	GlobalSection(SolutionProperties) = preSolution
		HideSolutionNode = FALSE
	EndGlobalSection
EndGlobal
